
Microsoft Visual Studio Solution File, Format Version 12.00
# Visual Studio 14
VisualStudioVersion = 14.0.25420.1
MinimumVisualStudioVersion = 10.0.40219.1
Project("{D954291E-2A0B-460D-934E-DC6B0785DB48}") = "chAuto", "chAuto\chAuto\chAuto.shproj", "{6E88276E-3F3D-4AA6-B67F-FE678AAC479F}"
EndProject
Project("{FAE04EC0-301F-11D3-BF4B-00C04F79EFBC}") = "chAuto.Android", "chAuto\chAuto.Android\chAuto.Android.csproj", "{26B2DEB7-04AD-4723-9DAF-7F16A1C2707D}"
EndProject
Project("{FAE04EC0-301F-11D3-BF4B-00C04F79EFBC}") = "chAuto.iOS", "chAuto\chAuto.iOS\chAuto.iOS.csproj", "{049470AE-0E20-44C3-B366-7528A45112FC}"
EndProject
Project("{FAE04EC0-301F-11D3-BF4B-00C04F79EFBC}") = "chAuto.UWP", "chAuto\chAuto.UWP\chAuto.UWP.csproj", "{2C294DBE-9A23-4AC0-9D35-CAB0B1EB46E6}"
EndProject
Project("{FAE04EC0-301F-11D3-BF4B-00C04F79EFBC}") = "QuestionLib", "QuestionLib1\QuestionLib.csproj", "{14BCD064-5028-4897-9E1D-B24389F8585B}"
EndProject
Global
	GlobalSection(SharedMSBuildProjectFiles) = preSolution
		chAuto\chAuto\chAuto.projitems*{049470ae-0e20-44c3-b366-7528a45112fc}*SharedItemsImports = 4
		chAuto\chAuto\chAuto.projitems*{26b2deb7-04ad-4723-9daf-7f16a1c2707d}*SharedItemsImports = 4
		chAuto\chAuto\chAuto.projitems*{2c294dbe-9a23-4ac0-9d35-cab0b1eb46e6}*SharedItemsImports = 4
		chAuto\chAuto\chAuto.projitems*{6e88276e-3f3d-4aa6-b67f-fe678aac479f}*SharedItemsImports = 13
	EndGlobalSection
	GlobalSection(SolutionConfigurationPlatforms) = preSolution
		Ad-Hoc|Any CPU = Ad-Hoc|Any CPU
		Ad-Hoc|ARM = Ad-Hoc|ARM
		Ad-Hoc|iPhone = Ad-Hoc|iPhone
		Ad-Hoc|iPhoneSimulator = Ad-Hoc|iPhoneSimulator
		Ad-Hoc|x64 = Ad-Hoc|x64
		Ad-Hoc|x86 = Ad-Hoc|x86
		AppStore|Any CPU = AppStore|Any CPU
		AppStore|ARM = AppStore|ARM
		AppStore|iPhone = AppStore|iPhone
		AppStore|iPhoneSimulator = AppStore|iPhoneSimulator
		AppStore|x64 = AppStore|x64
		AppStore|x86 = AppStore|x86
		Debug|Any CPU = Debug|Any CPU
		Debug|ARM = Debug|ARM
		Debug|iPhone = Debug|iPhone
		Debug|iPhoneSimulator = Debug|iPhoneSimulator
		Debug|x64 = Debug|x64
		Debug|x86 = Debug|x86
		Release|Any CPU = Release|Any CPU
		Release|ARM = Release|ARM
		Release|iPhone = Release|iPhone
		Release|iPhoneSimulator = Release|iPhoneSimulator
		Release|x64 = Release|x64
		Release|x86 = Release|x86
	EndGlobalSection
	GlobalSection(ProjectConfigurationPlatforms) = postSolution
		{26B2DEB7-04AD-4723-9DAF-7F16A1C2707D}.Ad-Hoc|Any CPU.ActiveCfg = Release|Any CPU
		{26B2DEB7-04AD-4723-9DAF-7F16A1C2707D}.Ad-Hoc|Any CPU.Build.0 = Release|Any CPU
		{26B2DEB7-04AD-4723-9DAF-7F16A1C2707D}.Ad-Hoc|Any CPU.Deploy.0 = Release|Any CPU
		{26B2DEB7-04AD-4723-9DAF-7F16A1C2707D}.Ad-Hoc|ARM.ActiveCfg = Release|Any CPU
		{26B2DEB7-04AD-4723-9DAF-7F16A1C2707D}.Ad-Hoc|ARM.Build.0 = Release|Any CPU
		{26B2DEB7-04AD-4723-9DAF-7F16A1C2707D}.Ad-Hoc|ARM.Deploy.0 = Release|Any CPU
		{26B2DEB7-04AD-4723-9DAF-7F16A1C2707D}.Ad-Hoc|iPhone.ActiveCfg = Release|Any CPU
		{26B2DEB7-04AD-4723-9DAF-7F16A1C2707D}.Ad-Hoc|iPhone.Build.0 = Release|Any CPU
		{26B2DEB7-04AD-4723-9DAF-7F16A1C2707D}.Ad-Hoc|iPhone.Deploy.0 = Release|Any CPU
		{26B2DEB7-04AD-4723-9DAF-7F16A1C2707D}.Ad-Hoc|iPhoneSimulator.ActiveCfg = Release|Any CPU
		{26B2DEB7-04AD-4723-9DAF-7F16A1C2707D}.Ad-Hoc|iPhoneSimulator.Build.0 = Release|Any CPU
		{26B2DEB7-04AD-4723-9DAF-7F16A1C2707D}.Ad-Hoc|iPhoneSimulator.Deploy.0 = Release|Any CPU
		{26B2DEB7-04AD-4723-9DAF-7F16A1C2707D}.Ad-Hoc|x64.ActiveCfg = Release|Any CPU
		{26B2DEB7-04AD-4723-9DAF-7F16A1C2707D}.Ad-Hoc|x64.Build.0 = Release|Any CPU
		{26B2DEB7-04AD-4723-9DAF-7F16A1C2707D}.Ad-Hoc|x64.Deploy.0 = Release|Any CPU
		{26B2DEB7-04AD-4723-9DAF-7F16A1C2707D}.Ad-Hoc|x86.ActiveCfg = Release|Any CPU
		{26B2DEB7-04AD-4723-9DAF-7F16A1C2707D}.Ad-Hoc|x86.Build.0 = Release|Any CPU
		{26B2DEB7-04AD-4723-9DAF-7F16A1C2707D}.Ad-Hoc|x86.Deploy.0 = Release|Any CPU
		{26B2DEB7-04AD-4723-9DAF-7F16A1C2707D}.AppStore|Any CPU.ActiveCfg = Release|Any CPU
		{26B2DEB7-04AD-4723-9DAF-7F16A1C2707D}.AppStore|Any CPU.Build.0 = Release|Any CPU
		{26B2DEB7-04AD-4723-9DAF-7F16A1C2707D}.AppStore|Any CPU.Deploy.0 = Release|Any CPU
		{26B2DEB7-04AD-4723-9DAF-7F16A1C2707D}.AppStore|ARM.ActiveCfg = Release|Any CPU
		{26B2DEB7-04AD-4723-9DAF-7F16A1C2707D}.AppStore|ARM.Build.0 = Release|Any CPU
		{26B2DEB7-04AD-4723-9DAF-7F16A1C2707D}.AppStore|ARM.Deploy.0 = Release|Any CPU
		{26B2DEB7-04AD-4723-9DAF-7F16A1C2707D}.AppStore|iPhone.ActiveCfg = Release|Any CPU
		{26B2DEB7-04AD-4723-9DAF-7F16A1C2707D}.AppStore|iPhone.Build.0 = Release|Any CPU
		{26B2DEB7-04AD-4723-9DAF-7F16A1C2707D}.AppStore|iPhone.Deploy.0 = Release|Any CPU
		{26B2DEB7-04AD-4723-9DAF-7F16A1C2707D}.AppStore|iPhoneSimulator.ActiveCfg = Release|Any CPU
		{26B2DEB7-04AD-4723-9DAF-7F16A1C2707D}.AppStore|iPhoneSimulator.Build.0 = Release|Any CPU
		{26B2DEB7-04AD-4723-9DAF-7F16A1C2707D}.AppStore|iPhoneSimulator.Deploy.0 = Release|Any CPU
		{26B2DEB7-04AD-4723-9DAF-7F16A1C2707D}.AppStore|x64.ActiveCfg = Release|Any CPU
		{26B2DEB7-04AD-4723-9DAF-7F16A1C2707D}.AppStore|x64.Build.0 = Release|Any CPU
		{26B2DEB7-04AD-4723-9DAF-7F16A1C2707D}.AppStore|x64.Deploy.0 = Release|Any CPU
		{26B2DEB7-04AD-4723-9DAF-7F16A1C2707D}.AppStore|x86.ActiveCfg = Release|Any CPU
		{26B2DEB7-04AD-4723-9DAF-7F16A1C2707D}.AppStore|x86.Build.0 = Release|Any CPU
		{26B2DEB7-04AD-4723-9DAF-7F16A1C2707D}.AppStore|x86.Deploy.0 = Release|Any CPU
		{26B2DEB7-04AD-4723-9DAF-7F16A1C2707D}.Debug|Any CPU.ActiveCfg = Debug|Any CPU
		{26B2DEB7-04AD-4723-9DAF-7F16A1C2707D}.Debug|Any CPU.Build.0 = Debug|Any CPU
		{26B2DEB7-04AD-4723-9DAF-7F16A1C2707D}.Debug|Any CPU.Deploy.0 = Debug|Any CPU
		{26B2DEB7-04AD-4723-9DAF-7F16A1C2707D}.Debug|ARM.ActiveCfg = Debug|Any CPU
		{26B2DEB7-04AD-4723-9DAF-7F16A1C2707D}.Debug|ARM.Build.0 = Debug|Any CPU
		{26B2DEB7-04AD-4723-9DAF-7F16A1C2707D}.Debug|ARM.Deploy.0 = Debug|Any CPU
		{26B2DEB7-04AD-4723-9DAF-7F16A1C2707D}.Debug|iPhone.ActiveCfg = Debug|Any CPU
		{26B2DEB7-04AD-4723-9DAF-7F16A1C2707D}.Debug|iPhone.Build.0 = Debug|Any CPU
		{26B2DEB7-04AD-4723-9DAF-7F16A1C2707D}.Debug|iPhone.Deploy.0 = Debug|Any CPU
		{26B2DEB7-04AD-4723-9DAF-7F16A1C2707D}.Debug|iPhoneSimulator.ActiveCfg = Debug|Any CPU
		{26B2DEB7-04AD-4723-9DAF-7F16A1C2707D}.Debug|iPhoneSimulator.Build.0 = Debug|Any CPU
		{26B2DEB7-04AD-4723-9DAF-7F16A1C2707D}.Debug|iPhoneSimulator.Deploy.0 = Debug|Any CPU
		{26B2DEB7-04AD-4723-9DAF-7F16A1C2707D}.Debug|x64.ActiveCfg = Debug|Any CPU
		{26B2DEB7-04AD-4723-9DAF-7F16A1C2707D}.Debug|x64.Build.0 = Debug|Any CPU
		{26B2DEB7-04AD-4723-9DAF-7F16A1C2707D}.Debug|x64.Deploy.0 = Debug|Any CPU
		{26B2DEB7-04AD-4723-9DAF-7F16A1C2707D}.Debug|x86.ActiveCfg = Debug|Any CPU
		{26B2DEB7-04AD-4723-9DAF-7F16A1C2707D}.Debug|x86.Build.0 = Debug|Any CPU
		{26B2DEB7-04AD-4723-9DAF-7F16A1C2707D}.Debug|x86.Deploy.0 = Debug|Any CPU
		{26B2DEB7-04AD-4723-9DAF-7F16A1C2707D}.Release|Any CPU.ActiveCfg = Release|Any CPU
		{26B2DEB7-04AD-4723-9DAF-7F16A1C2707D}.Release|Any CPU.Build.0 = Release|Any CPU
		{26B2DEB7-04AD-4723-9DAF-7F16A1C2707D}.Release|Any CPU.Deploy.0 = Release|Any CPU
		{26B2DEB7-04AD-4723-9DAF-7F16A1C2707D}.Release|ARM.ActiveCfg = Release|Any CPU
		{26B2DEB7-04AD-4723-9DAF-7F16A1C2707D}.Release|ARM.Build.0 = Release|Any CPU
		{26B2DEB7-04AD-4723-9DAF-7F16A1C2707D}.Release|ARM.Deploy.0 = Release|Any CPU
		{26B2DEB7-04AD-4723-9DAF-7F16A1C2707D}.Release|iPhone.ActiveCfg = Release|Any CPU
		{26B2DEB7-04AD-4723-9DAF-7F16A1C2707D}.Release|iPhone.Build.0 = Release|Any CPU
		{26B2DEB7-04AD-4723-9DAF-7F16A1C2707D}.Release|iPhone.Deploy.0 = Release|Any CPU
		{26B2DEB7-04AD-4723-9DAF-7F16A1C2707D}.Release|iPhoneSimulator.ActiveCfg = Release|Any CPU
		{26B2DEB7-04AD-4723-9DAF-7F16A1C2707D}.Release|iPhoneSimulator.Build.0 = Release|Any CPU
		{26B2DEB7-04AD-4723-9DAF-7F16A1C2707D}.Release|iPhoneSimulator.Deploy.0 = Release|Any CPU
		{26B2DEB7-04AD-4723-9DAF-7F16A1C2707D}.Release|x64.ActiveCfg = Release|Any CPU
		{26B2DEB7-04AD-4723-9DAF-7F16A1C2707D}.Release|x64.Build.0 = Release|Any CPU
		{26B2DEB7-04AD-4723-9DAF-7F16A1C2707D}.Release|x64.Deploy.0 = Release|Any CPU
		{26B2DEB7-04AD-4723-9DAF-7F16A1C2707D}.Release|x86.ActiveCfg = Release|Any CPU
		{26B2DEB7-04AD-4723-9DAF-7F16A1C2707D}.Release|x86.Build.0 = Release|Any CPU
		{26B2DEB7-04AD-4723-9DAF-7F16A1C2707D}.Release|x86.Deploy.0 = Release|Any CPU
		{049470AE-0E20-44C3-B366-7528A45112FC}.Ad-Hoc|Any CPU.ActiveCfg = Ad-Hoc|iPhone
		{049470AE-0E20-44C3-B366-7528A45112FC}.Ad-Hoc|ARM.ActiveCfg = Ad-Hoc|iPhone
		{049470AE-0E20-44C3-B366-7528A45112FC}.Ad-Hoc|iPhone.ActiveCfg = Ad-Hoc|iPhone
		{049470AE-0E20-44C3-B366-7528A45112FC}.Ad-Hoc|iPhone.Build.0 = Ad-Hoc|iPhone
		{049470AE-0E20-44C3-B366-7528A45112FC}.Ad-Hoc|iPhoneSimulator.ActiveCfg = Ad-Hoc|iPhoneSimulator
		{049470AE-0E20-44C3-B366-7528A45112FC}.Ad-Hoc|iPhoneSimulator.Build.0 = Ad-Hoc|iPhoneSimulator
		{049470AE-0E20-44C3-B366-7528A45112FC}.Ad-Hoc|x64.ActiveCfg = Ad-Hoc|iPhone
		{049470AE-0E20-44C3-B366-7528A45112FC}.Ad-Hoc|x86.ActiveCfg = Ad-Hoc|iPhone
		{049470AE-0E20-44C3-B366-7528A45112FC}.AppStore|Any CPU.ActiveCfg = AppStore|iPhone
		{049470AE-0E20-44C3-B366-7528A45112FC}.AppStore|ARM.ActiveCfg = AppStore|iPhone
		{049470AE-0E20-44C3-B366-7528A45112FC}.AppStore|iPhone.ActiveCfg = AppStore|iPhone
		{049470AE-0E20-44C3-B366-7528A45112FC}.AppStore|iPhone.Build.0 = AppStore|iPhone
		{049470AE-0E20-44C3-B366-7528A45112FC}.AppStore|iPhoneSimulator.ActiveCfg = AppStore|iPhoneSimulator
		{049470AE-0E20-44C3-B366-7528A45112FC}.AppStore|iPhoneSimulator.Build.0 = AppStore|iPhoneSimulator
		{049470AE-0E20-44C3-B366-7528A45112FC}.AppStore|x64.ActiveCfg = AppStore|iPhone
		{049470AE-0E20-44C3-B366-7528A45112FC}.AppStore|x86.ActiveCfg = AppStore|iPhone
		{049470AE-0E20-44C3-B366-7528A45112FC}.Debug|Any CPU.ActiveCfg = Debug|iPhone
		{049470AE-0E20-44C3-B366-7528A45112FC}.Debug|ARM.ActiveCfg = Debug|iPhone
		{049470AE-0E20-44C3-B366-7528A45112FC}.Debug|iPhone.ActiveCfg = Debug|iPhone
		{049470AE-0E20-44C3-B366-7528A45112FC}.Debug|iPhone.Build.0 = Debug|iPhone
		{049470AE-0E20-44C3-B366-7528A45112FC}.Debug|iPhoneSimulator.ActiveCfg = Debug|iPhoneSimulator
		{049470AE-0E20-44C3-B366-7528A45112FC}.Debug|iPhoneSimulator.Build.0 = Debug|iPhoneSimulator
		{049470AE-0E20-44C3-B366-7528A45112FC}.Debug|x64.ActiveCfg = Debug|iPhone
		{049470AE-0E20-44C3-B366-7528A45112FC}.Debug|x86.ActiveCfg = Debug|iPhone
		{049470AE-0E20-44C3-B366-7528A45112FC}.Release|Any CPU.ActiveCfg = Release|iPhone
		{049470AE-0E20-44C3-B366-7528A45112FC}.Release|ARM.ActiveCfg = Release|iPhone
		{049470AE-0E20-44C3-B366-7528A45112FC}.Release|iPhone.ActiveCfg = Release|iPhone
		{049470AE-0E20-44C3-B366-7528A45112FC}.Release|iPhone.Build.0 = Release|iPhone
		{049470AE-0E20-44C3-B366-7528A45112FC}.Release|iPhoneSimulator.ActiveCfg = Release|iPhoneSimulator
		{049470AE-0E20-44C3-B366-7528A45112FC}.Release|iPhoneSimulator.Build.0 = Release|iPhoneSimulator
		{049470AE-0E20-44C3-B366-7528A45112FC}.Release|x64.ActiveCfg = Release|iPhone
		{049470AE-0E20-44C3-B366-7528A45112FC}.Release|x86.ActiveCfg = Release|iPhone
		{2C294DBE-9A23-4AC0-9D35-CAB0B1EB46E6}.Ad-Hoc|Any CPU.ActiveCfg = Release|x86
		{2C294DBE-9A23-4AC0-9D35-CAB0B1EB46E6}.Ad-Hoc|Any CPU.Build.0 = Release|x86
		{2C294DBE-9A23-4AC0-9D35-CAB0B1EB46E6}.Ad-Hoc|Any CPU.Deploy.0 = Release|x86
		{2C294DBE-9A23-4AC0-9D35-CAB0B1EB46E6}.Ad-Hoc|ARM.ActiveCfg = Release|ARM
		{2C294DBE-9A23-4AC0-9D35-CAB0B1EB46E6}.Ad-Hoc|ARM.Build.0 = Release|ARM
		{2C294DBE-9A23-4AC0-9D35-CAB0B1EB46E6}.Ad-Hoc|ARM.Deploy.0 = Release|ARM
		{2C294DBE-9A23-4AC0-9D35-CAB0B1EB46E6}.Ad-Hoc|iPhone.ActiveCfg = Release|x86
		{2C294DBE-9A23-4AC0-9D35-CAB0B1EB46E6}.Ad-Hoc|iPhone.Build.0 = Release|x86
		{2C294DBE-9A23-4AC0-9D35-CAB0B1EB46E6}.Ad-Hoc|iPhone.Deploy.0 = Release|x86
		{2C294DBE-9A23-4AC0-9D35-CAB0B1EB46E6}.Ad-Hoc|iPhoneSimulator.ActiveCfg = Release|x86
		{2C294DBE-9A23-4AC0-9D35-CAB0B1EB46E6}.Ad-Hoc|iPhoneSimulator.Build.0 = Release|x86
		{2C294DBE-9A23-4AC0-9D35-CAB0B1EB46E6}.Ad-Hoc|iPhoneSimulator.Deploy.0 = Release|x86
		{2C294DBE-9A23-4AC0-9D35-CAB0B1EB46E6}.Ad-Hoc|x64.ActiveCfg = Release|x64
		{2C294DBE-9A23-4AC0-9D35-CAB0B1EB46E6}.Ad-Hoc|x64.Build.0 = Release|x64
		{2C294DBE-9A23-4AC0-9D35-CAB0B1EB46E6}.Ad-Hoc|x64.Deploy.0 = Release|x64
		{2C294DBE-9A23-4AC0-9D35-CAB0B1EB46E6}.Ad-Hoc|x86.ActiveCfg = Release|x86
		{2C294DBE-9A23-4AC0-9D35-CAB0B1EB46E6}.Ad-Hoc|x86.Build.0 = Release|x86
		{2C294DBE-9A23-4AC0-9D35-CAB0B1EB46E6}.Ad-Hoc|x86.Deploy.0 = Release|x86
		{2C294DBE-9A23-4AC0-9D35-CAB0B1EB46E6}.AppStore|Any CPU.ActiveCfg = Release|x86
		{2C294DBE-9A23-4AC0-9D35-CAB0B1EB46E6}.AppStore|Any CPU.Build.0 = Release|x86
		{2C294DBE-9A23-4AC0-9D35-CAB0B1EB46E6}.AppStore|Any CPU.Deploy.0 = Release|x86
		{2C294DBE-9A23-4AC0-9D35-CAB0B1EB46E6}.AppStore|ARM.ActiveCfg = Release|ARM
		{2C294DBE-9A23-4AC0-9D35-CAB0B1EB46E6}.AppStore|ARM.Build.0 = Release|ARM
		{2C294DBE-9A23-4AC0-9D35-CAB0B1EB46E6}.AppStore|ARM.Deploy.0 = Release|ARM
		{2C294DBE-9A23-4AC0-9D35-CAB0B1EB46E6}.AppStore|iPhone.ActiveCfg = Release|x86
		{2C294DBE-9A23-4AC0-9D35-CAB0B1EB46E6}.AppStore|iPhone.Build.0 = Release|x86
		{2C294DBE-9A23-4AC0-9D35-CAB0B1EB46E6}.AppStore|iPhone.Deploy.0 = Release|x86
		{2C294DBE-9A23-4AC0-9D35-CAB0B1EB46E6}.AppStore|iPhoneSimulator.ActiveCfg = Release|x86
		{2C294DBE-9A23-4AC0-9D35-CAB0B1EB46E6}.AppStore|iPhoneSimulator.Build.0 = Release|x86
		{2C294DBE-9A23-4AC0-9D35-CAB0B1EB46E6}.AppStore|iPhoneSimulator.Deploy.0 = Release|x86
		{2C294DBE-9A23-4AC0-9D35-CAB0B1EB46E6}.AppStore|x64.ActiveCfg = Release|x64
		{2C294DBE-9A23-4AC0-9D35-CAB0B1EB46E6}.AppStore|x64.Build.0 = Release|x64
		{2C294DBE-9A23-4AC0-9D35-CAB0B1EB46E6}.AppStore|x64.Deploy.0 = Release|x64
		{2C294DBE-9A23-4AC0-9D35-CAB0B1EB46E6}.AppStore|x86.ActiveCfg = Release|x86
		{2C294DBE-9A23-4AC0-9D35-CAB0B1EB46E6}.AppStore|x86.Build.0 = Release|x86
		{2C294DBE-9A23-4AC0-9D35-CAB0B1EB46E6}.AppStore|x86.Deploy.0 = Release|x86
		{2C294DBE-9A23-4AC0-9D35-CAB0B1EB46E6}.Debug|Any CPU.ActiveCfg = Debug|x86
		{2C294DBE-9A23-4AC0-9D35-CAB0B1EB46E6}.Debug|ARM.ActiveCfg = Debug|ARM
		{2C294DBE-9A23-4AC0-9D35-CAB0B1EB46E6}.Debug|ARM.Build.0 = Debug|ARM
		{2C294DBE-9A23-4AC0-9D35-CAB0B1EB46E6}.Debug|ARM.Deploy.0 = Debug|ARM
		{2C294DBE-9A23-4AC0-9D35-CAB0B1EB46E6}.Debug|iPhone.ActiveCfg = Debug|x86
		{2C294DBE-9A23-4AC0-9D35-CAB0B1EB46E6}.Debug|iPhoneSimulator.ActiveCfg = Debug|x86
		{2C294DBE-9A23-4AC0-9D35-CAB0B1EB46E6}.Debug|x64.ActiveCfg = Debug|x64
		{2C294DBE-9A23-4AC0-9D35-CAB0B1EB46E6}.Debug|x64.Build.0 = Debug|x64
		{2C294DBE-9A23-4AC0-9D35-CAB0B1EB46E6}.Debug|x64.Deploy.0 = Debug|x64
		{2C294DBE-9A23-4AC0-9D35-CAB0B1EB46E6}.Debug|x86.ActiveCfg = Debug|x86
		{2C294DBE-9A23-4AC0-9D35-CAB0B1EB46E6}.Debug|x86.Build.0 = Debug|x86
		{2C294DBE-9A23-4AC0-9D35-CAB0B1EB46E6}.Debug|x86.Deploy.0 = Debug|x86
		{2C294DBE-9A23-4AC0-9D35-CAB0B1EB46E6}.Release|Any CPU.ActiveCfg = Release|x86
		{2C294DBE-9A23-4AC0-9D35-CAB0B1EB46E6}.Release|ARM.ActiveCfg = Release|ARM
		{2C294DBE-9A23-4AC0-9D35-CAB0B1EB46E6}.Release|ARM.Build.0 = Release|ARM
		{2C294DBE-9A23-4AC0-9D35-CAB0B1EB46E6}.Release|ARM.Deploy.0 = Release|ARM
		{2C294DBE-9A23-4AC0-9D35-CAB0B1EB46E6}.Release|iPhone.ActiveCfg = Release|x86
		{2C294DBE-9A23-4AC0-9D35-CAB0B1EB46E6}.Release|iPhoneSimulator.ActiveCfg = Release|x86
		{2C294DBE-9A23-4AC0-9D35-CAB0B1EB46E6}.Release|x64.ActiveCfg = Release|x64
		{2C294DBE-9A23-4AC0-9D35-CAB0B1EB46E6}.Release|x64.Build.0 = Release|x64
		{2C294DBE-9A23-4AC0-9D35-CAB0B1EB46E6}.Release|x64.Deploy.0 = Release|x64
		{2C294DBE-9A23-4AC0-9D35-CAB0B1EB46E6}.Release|x86.ActiveCfg = Release|x86
		{2C294DBE-9A23-4AC0-9D35-CAB0B1EB46E6}.Release|x86.Build.0 = Release|x86
		{2C294DBE-9A23-4AC0-9D35-CAB0B1EB46E6}.Release|x86.Deploy.0 = Release|x86
		{14BCD064-5028-4897-9E1D-B24389F8585B}.Ad-Hoc|Any CPU.ActiveCfg = Release|Any CPU
		{14BCD064-5028-4897-9E1D-B24389F8585B}.Ad-Hoc|Any CPU.Build.0 = Release|Any CPU
		{14BCD064-5028-4897-9E1D-B24389F8585B}.Ad-Hoc|ARM.ActiveCfg = Release|Any CPU
		{14BCD064-5028-4897-9E1D-B24389F8585B}.Ad-Hoc|ARM.Build.0 = Release|Any CPU
		{14BCD064-5028-4897-9E1D-B24389F8585B}.Ad-Hoc|iPhone.ActiveCfg = Release|Any CPU
		{14BCD064-5028-4897-9E1D-B24389F8585B}.Ad-Hoc|iPhone.Build.0 = Release|Any CPU
		{14BCD064-5028-4897-9E1D-B24389F8585B}.Ad-Hoc|iPhoneSimulator.ActiveCfg = Release|Any CPU
		{14BCD064-5028-4897-9E1D-B24389F8585B}.Ad-Hoc|iPhoneSimulator.Build.0 = Release|Any CPU
		{14BCD064-5028-4897-9E1D-B24389F8585B}.Ad-Hoc|x64.ActiveCfg = Release|Any CPU
		{14BCD064-5028-4897-9E1D-B24389F8585B}.Ad-Hoc|x64.Build.0 = Release|Any CPU
		{14BCD064-5028-4897-9E1D-B24389F8585B}.Ad-Hoc|x86.ActiveCfg = Release|Any CPU
		{14BCD064-5028-4897-9E1D-B24389F8585B}.Ad-Hoc|x86.Build.0 = Release|Any CPU
		{14BCD064-5028-4897-9E1D-B24389F8585B}.AppStore|Any CPU.ActiveCfg = Release|Any CPU
		{14BCD064-5028-4897-9E1D-B24389F8585B}.AppStore|Any CPU.Build.0 = Release|Any CPU
		{14BCD064-5028-4897-9E1D-B24389F8585B}.AppStore|ARM.ActiveCfg = Release|Any CPU
		{14BCD064-5028-4897-9E1D-B24389F8585B}.AppStore|ARM.Build.0 = Release|Any CPU
		{14BCD064-5028-4897-9E1D-B24389F8585B}.AppStore|iPhone.ActiveCfg = Release|Any CPU
		{14BCD064-5028-4897-9E1D-B24389F8585B}.AppStore|iPhone.Build.0 = Release|Any CPU
		{14BCD064-5028-4897-9E1D-B24389F8585B}.AppStore|iPhoneSimulator.ActiveCfg = Release|Any CPU
		{14BCD064-5028-4897-9E1D-B24389F8585B}.AppStore|iPhoneSimulator.Build.0 = Release|Any CPU
		{14BCD064-5028-4897-9E1D-B24389F8585B}.AppStore|x64.ActiveCfg = Release|Any CPU
		{14BCD064-5028-4897-9E1D-B24389F8585B}.AppStore|x64.Build.0 = Release|Any CPU
		{14BCD064-5028-4897-9E1D-B24389F8585B}.AppStore|x86.ActiveCfg = Release|Any CPU
		{14BCD064-5028-4897-9E1D-B24389F8585B}.AppStore|x86.Build.0 = Release|Any CPU
		{14BCD064-5028-4897-9E1D-B24389F8585B}.Debug|Any CPU.ActiveCfg = Debug|Any CPU
		{14BCD064-5028-4897-9E1D-B24389F8585B}.Debug|Any CPU.Build.0 = Debug|Any CPU
		{14BCD064-5028-4897-9E1D-B24389F8585B}.Debug|ARM.ActiveCfg = Debug|Any CPU
		{14BCD064-5028-4897-9E1D-B24389F8585B}.Debug|ARM.Build.0 = Debug|Any CPU
		{14BCD064-5028-4897-9E1D-B24389F8585B}.Debug|iPhone.ActiveCfg = Debug|Any CPU
		{14BCD064-5028-4897-9E1D-B24389F8585B}.Debug|iPhone.Build.0 = Debug|Any CPU
		{14BCD064-5028-4897-9E1D-B24389F8585B}.Debug|iPhoneSimulator.ActiveCfg = Debug|Any CPU
		{14BCD064-5028-4897-9E1D-B24389F8585B}.Debug|iPhoneSimulator.Build.0 = Debug|Any CPU
		{14BCD064-5028-4897-9E1D-B24389F8585B}.Debug|x64.ActiveCfg = Debug|Any CPU
		{14BCD064-5028-4897-9E1D-B24389F8585B}.Debug|x64.Build.0 = Debug|Any CPU
		{14BCD064-5028-4897-9E1D-B24389F8585B}.Debug|x86.ActiveCfg = Debug|Any CPU
		{14BCD064-5028-4897-9E1D-B24389F8585B}.Debug|x86.Build.0 = Debug|Any CPU
		{14BCD064-5028-4897-9E1D-B24389F8585B}.Release|Any CPU.ActiveCfg = Release|Any CPU
		{14BCD064-5028-4897-9E1D-B24389F8585B}.Release|Any CPU.Build.0 = Release|Any CPU
		{14BCD064-5028-4897-9E1D-B24389F8585B}.Release|ARM.ActiveCfg = Release|Any CPU
		{14BCD064-5028-4897-9E1D-B24389F8585B}.Release|ARM.Build.0 = Release|Any CPU
		{14BCD064-5028-4897-9E1D-B24389F8585B}.Release|iPhone.ActiveCfg = Release|Any CPU
		{14BCD064-5028-4897-9E1D-B24389F8585B}.Release|iPhone.Build.0 = Release|Any CPU
		{14BCD064-5028-4897-9E1D-B24389F8585B}.Release|iPhoneSimulator.ActiveCfg = Release|Any CPU
		{14BCD064-5028-4897-9E1D-B24389F8585B}.Release|iPhoneSimulator.Build.0 = Release|Any CPU
		{14BCD064-5028-4897-9E1D-B24389F8585B}.Release|x64.ActiveCfg = Release|Any CPU
		{14BCD064-5028-4897-9E1D-B24389F8585B}.Release|x64.Build.0 = Release|Any CPU
		{14BCD064-5028-4897-9E1D-B24389F8585B}.Release|x86.ActiveCfg = Release|Any CPU
		{14BCD064-5028-4897-9E1D-B24389F8585B}.Release|x86.Build.0 = Release|Any CPU
	EndGlobalSection
	GlobalSection(SolutionProperties) = preSolution
		HideSolutionNode = FALSE
	EndGlobalSection
EndGlobal
